
Microsoft Visual Studio Solution File, Format Version 12.00
# Visual Studio Version 16
VisualStudioVersion = 16.0.30114.105
MinimumVisualStudioVersion = 10.0.40219.1
Project("{FAE04EC0-301F-11D3-BF4B-00C04F79EFBC}") = "API", "API\API.csproj", "{25A06A03-8168-4E32-AAEE-A29A942F225B}"
EndProject
Project("{FAE04EC0-301F-11D3-BF4B-00C04F79EFBC}") = "Application", "Application\Application.csproj", "{09B4C508-2DC2-48F4-9F97-5CC35FD8A957}"
EndProject
Project("{FAE04EC0-301F-11D3-BF4B-00C04F79EFBC}") = "Domain", "Domain\Domain.csproj", "{6819FBEB-E1BB-4517-A94A-C9FE09F6BC2F}"
EndProject
Project("{FAE04EC0-301F-11D3-BF4B-00C04F79EFBC}") = "Persistence", "Persistence\Persistence.csproj", "{D87A24C0-AFA6-4771-8B47-1A67E23977BA}"
EndProject
Global
	GlobalSection(SolutionConfigurationPlatforms) = preSolution
		Debug|Any CPU = Debug|Any CPU
		Release|Any CPU = Release|Any CPU
	EndGlobalSection
	GlobalSection(SolutionProperties) = preSolution
		HideSolutionNode = FALSE
	EndGlobalSection
	GlobalSection(ProjectConfigurationPlatforms) = postSolution
		{25A06A03-8168-4E32-AAEE-A29A942F225B}.Debug|Any CPU.ActiveCfg = Debug|Any CPU
		{25A06A03-8168-4E32-AAEE-A29A942F225B}.Debug|Any CPU.Build.0 = Debug|Any CPU
		{25A06A03-8168-4E32-AAEE-A29A942F225B}.Release|Any CPU.ActiveCfg = Release|Any CPU
		{25A06A03-8168-4E32-AAEE-A29A942F225B}.Release|Any CPU.Build.0 = Release|Any CPU
		{09B4C508-2DC2-48F4-9F97-5CC35FD8A957}.Debug|Any CPU.ActiveCfg = Debug|Any CPU
		{09B4C508-2DC2-48F4-9F97-5CC35FD8A957}.Debug|Any CPU.Build.0 = Debug|Any CPU
		{09B4C508-2DC2-48F4-9F97-5CC35FD8A957}.Release|Any CPU.ActiveCfg = Release|Any CPU
		{09B4C508-2DC2-48F4-9F97-5CC35FD8A957}.Release|Any CPU.Build.0 = Release|Any CPU
		{6819FBEB-E1BB-4517-A94A-C9FE09F6BC2F}.Debug|Any CPU.ActiveCfg = Debug|Any CPU
		{6819FBEB-E1BB-4517-A94A-C9FE09F6BC2F}.Debug|Any CPU.Build.0 = Debug|Any CPU
		{6819FBEB-E1BB-4517-A94A-C9FE09F6BC2F}.Release|Any CPU.ActiveCfg = Release|Any CPU
		{6819FBEB-E1BB-4517-A94A-C9FE09F6BC2F}.Release|Any CPU.Build.0 = Release|Any CPU
		{D87A24C0-AFA6-4771-8B47-1A67E23977BA}.Debug|Any CPU.ActiveCfg = Debug|Any CPU
		{D87A24C0-AFA6-4771-8B47-1A67E23977BA}.Debug|Any CPU.Build.0 = Debug|Any CPU
		{D87A24C0-AFA6-4771-8B47-1A67E23977BA}.Release|Any CPU.ActiveCfg = Release|Any CPU
		{D87A24C0-AFA6-4771-8B47-1A67E23977BA}.Release|Any CPU.Build.0 = Release|Any CPU
	EndGlobalSection
EndGlobal
